// !$*UTF8*$!
{
	archiveVersion = 1;
	classes = {
	};
	objectVersion = 46;
	objects = {

/* Begin PBXBuildFile section */
		D87490951F48F873007E659F /* AppDelegate.swift in Sources */ = {isa = PBXBuildFile; fileRef = D87490941F48F873007E659F /* AppDelegate.swift */; };
		D87490971F48F873007E659F /* ViewController.swift in Sources */ = {isa = PBXBuildFile; fileRef = D87490961F48F873007E659F /* ViewController.swift */; };
		D874909A1F48F873007E659F /* Main.storyboard in Resources */ = {isa = PBXBuildFile; fileRef = D87490981F48F873007E659F /* Main.storyboard */; };
		D874909C1F48F873007E659F /* Assets.xcassets in Resources */ = {isa = PBXBuildFile; fileRef = D874909B1F48F873007E659F /* Assets.xcassets */; };
		D874909F1F48F873007E659F /* LaunchScreen.storyboard in Resources */ = {isa = PBXBuildFile; fileRef = D874909D1F48F873007E659F /* LaunchScreen.storyboard */; };
		D87490AA1F48F873007E659F /* pockyTests.swift in Sources */ = {isa = PBXBuildFile; fileRef = D87490A91F48F873007E659F /* pockyTests.swift */; };
		D87490B51F48F873007E659F /* pockyUITests.swift in Sources */ = {isa = PBXBuildFile; fileRef = D87490B41F48F873007E659F /* pockyUITests.swift */; };
/* End PBXBuildFile section */

/* Begin PBXContainerItemProxy section */
		D87490A61F48F873007E659F /* PBXContainerItemProxy */ = {
			isa = PBXContainerItemProxy;
			containerPortal = D87490891F48F873007E659F /* Project object */;
			proxyType = 1;
			remoteGlobalIDString = D87490901F48F873007E659F;
			remoteInfo = pocky;
		};
		D87490B11F48F873007E659F /* PBXContainerItemProxy */ = {
			isa = PBXContainerItemProxy;
			containerPortal = D87490891F48F873007E659F /* Project object */;
			proxyType = 1;
			remoteGlobalIDString = D87490901F48F873007E659F;
			remoteInfo = pocky;
		};
/* End PBXContainerItemProxy section */

/* Begin PBXFileReference section */
		D87490911F48F873007E659F /* pocky.app */ = {isa = PBXFileReference; explicitFileType = wrapper.application; includeInIndex = 0; path = pocky.app; sourceTree = BUILT_PRODUCTS_DIR; };
		D87490941F48F873007E659F /* AppDelegate.swift */ = {isa = PBXFileReference; lastKnownFileType = sourcecode.swift; path = AppDelegate.swift; sourceTree = "<group>"; };
		D87490961F48F873007E659F /* ViewController.swift */ = {isa = PBXFileReference; lastKnownFileType = sourcecode.swift; path = ViewController.swift; sourceTree = "<group>"; };
		D87490991F48F873007E659F /* Base */ = {isa = PBXFileReference; lastKnownFileType = file.storyboard; name = Base; path = Base.lproj/Main.storyboard; sourceTree = "<group>"; };
		D874909B1F48F873007E659F /* Assets.xcassets */ = {isa = PBXFileReference; lastKnownFileType = folder.assetcatalog; path = Assets.xcassets; sourceTree = "<group>"; };
		D874909E1F48F873007E659F /* Base */ = {isa = PBXFileReference; lastKnownFileType = file.storyboard; name = Base; path = Base.lproj/LaunchScreen.storyboard; sourceTree = "<group>"; };
		D87490A01F48F873007E659F /* Info.plist */ = {isa = PBXFileReference; lastKnownFileType = text.plist.xml; path = Info.plist; sourceTree = "<group>"; };
		D87490A51F48F873007E659F /* pockyTests.xctest */ = {isa = PBXFileReference; explicitFileType = wrapper.cfbundle; includeInIndex = 0; path = pockyTests.xctest; sourceTree = BUILT_PRODUCTS_DIR; };
		D87490A91F48F873007E659F /* pockyTests.swift */ = {isa = PBXFileReference; lastKnownFileType = sourcecode.swift; path = pockyTests.swift; sourceTree = "<group>"; };
		D87490AB1F48F873007E659F /* Info.plist */ = {isa = PBXFileReference; lastKnownFileType = text.plist.xml; path = Info.plist; sourceTree = "<group>"; };
		D87490B01F48F873007E659F /* pockyUITests.xctest */ = {isa = PBXFileReference; explicitFileType = wrapper.cfbundle; includeInIndex = 0; path = pockyUITests.xctest; sourceTree = BUILT_PRODUCTS_DIR; };
		D87490B41F48F873007E659F /* pockyUITests.swift */ = {isa = PBXFileReference; lastKnownFileType = sourcecode.swift; path = pockyUITests.swift; sourceTree = "<group>"; };
		D87490B61F48F873007E659F /* Info.plist */ = {isa = PBXFileReference; lastKnownFileType = text.plist.xml; path = Info.plist; sourceTree = "<group>"; };
/* End PBXFileReference section */

/* Begin PBXFrameworksBuildPhase section */
		D874908E1F48F873007E659F /* Frameworks */ = {
			isa = PBXFrameworksBuildPhase;
			buildActionMask = 2147483647;
			files = (
			);
			runOnlyForDeploymentPostprocessing = 0;
		};
		D87490A21F48F873007E659F /* Frameworks */ = {
			isa = PBXFrameworksBuildPhase;
			buildActionMask = 2147483647;
			files = (
			);
			runOnlyForDeploymentPostprocessing = 0;
		};
		D87490AD1F48F873007E659F /* Frameworks */ = {
			isa = PBXFrameworksBuildPhase;
			buildActionMask = 2147483647;
			files = (
			);
			runOnlyForDeploymentPostprocessing = 0;
		};
/* End PBXFrameworksBuildPhase section */

/* Begin PBXGroup section */
		D87490881F48F873007E659F = {
			isa = PBXGroup;
			children = (
				D87490931F48F873007E659F /* pocky */,
				D87490A81F48F873007E659F /* pockyTests */,
				D87490B31F48F873007E659F /* pockyUITests */,
				D87490921F48F873007E659F /* Products */,
			);
			sourceTree = "<group>";
		};
		D87490921F48F873007E659F /* Products */ = {
			isa = PBXGroup;
			children = (
				D87490911F48F873007E659F /* pocky.app */,
				D87490A51F48F873007E659F /* pockyTests.xctest */,
				D87490B01F48F873007E659F /* pockyUITests.xctest */,
			);
			name = Products;
			sourceTree = "<group>";
		};
		D87490931F48F873007E659F /* pocky */ = {
			isa = PBXGroup;
			children = (
				D87490941F48F873007E659F /* AppDelegate.swift */,
				D87490961F48F873007E659F /* ViewController.swift */,
				D87490981F48F873007E659F /* Main.storyboard */,
				D874909B1F48F873007E659F /* Assets.xcassets */,
				D874909D1F48F873007E659F /* LaunchScreen.storyboard */,
				D87490A01F48F873007E659F /* Info.plist */,
			);
			path = pocky;
			sourceTree = "<group>";
		};
		D87490A81F48F873007E659F /* pockyTests */ = {
			isa = PBXGroup;
			children = (
				D87490A91F48F873007E659F /* pockyTests.swift */,
				D87490AB1F48F873007E659F /* Info.plist */,
			);
			path = pockyTests;
			sourceTree = "<group>";
		};
		D87490B31F48F873007E659F /* pockyUITests */ = {
			isa = PBXGroup;
			children = (
				D87490B41F48F873007E659F /* pockyUITests.swift */,
				D87490B61F48F873007E659F /* Info.plist */,
			);
			path = pockyUITests;
			sourceTree = "<group>";
		};
/* End PBXGroup section */

/* Begin PBXNativeTarget section */
		D87490901F48F873007E659F /* pocky */ = {
			isa = PBXNativeTarget;
			buildConfigurationList = D87490B91F48F873007E659F /* Build configuration list for PBXNativeTarget "pocky" */;
			buildPhases = (
				D874908D1F48F873007E659F /* Sources */,
				D874908E1F48F873007E659F /* Frameworks */,
				D874908F1F48F873007E659F /* Resources */,
			);
			buildRules = (
			);
			dependencies = (
			);
			name = pocky;
			productName = pocky;
			productReference = D87490911F48F873007E659F /* pocky.app */;
			productType = "com.apple.product-type.application";
		};
		D87490A41F48F873007E659F /* pockyTests */ = {
			isa = PBXNativeTarget;
			buildConfigurationList = D87490BC1F48F873007E659F /* Build configuration list for PBXNativeTarget "pockyTests" */;
			buildPhases = (
				D87490A11F48F873007E659F /* Sources */,
				D87490A21F48F873007E659F /* Frameworks */,
				D87490A31F48F873007E659F /* Resources */,
			);
			buildRules = (
			);
			dependencies = (
				D87490A71F48F873007E659F /* PBXTargetDependency */,
			);
			name = pockyTests;
			productName = pockyTests;
			productReference = D87490A51F48F873007E659F /* pockyTests.xctest */;
			productType = "com.apple.product-type.bundle.unit-test";
		};
		D87490AF1F48F873007E659F /* pockyUITests */ = {
			isa = PBXNativeTarget;
			buildConfigurationList = D87490BF1F48F873007E659F /* Build configuration list for PBXNativeTarget "pockyUITests" */;
			buildPhases = (
				D87490AC1F48F873007E659F /* Sources */,
				D87490AD1F48F873007E659F /* Frameworks */,
				D87490AE1F48F873007E659F /* Resources */,
			);
			buildRules = (
			);
			dependencies = (
				D87490B21F48F873007E659F /* PBXTargetDependency */,
			);
			name = pockyUITests;
			productName = pockyUITests;
			productReference = D87490B01F48F873007E659F /* pockyUITests.xctest */;
			productType = "com.apple.product-type.bundle.ui-testing";
		};
/* End PBXNativeTarget section */

/* Begin PBXProject section */
		D87490891F48F873007E659F /* Project object */ = {
			isa = PBXProject;
			attributes = {
				LastSwiftUpdateCheck = 0830;
				LastUpgradeCheck = 0830;
				ORGANIZATIONNAME = "Nathan Chan";
				TargetAttributes = {
					D87490901F48F873007E659F = {
						CreatedOnToolsVersion = 8.3.3;
						DevelopmentTeam = 3S86DJ63TR;
						ProvisioningStyle = Automatic;
					};
					D87490A41F48F873007E659F = {
						CreatedOnToolsVersion = 8.3.3;
						DevelopmentTeam = 3S86DJ63TR;
						ProvisioningStyle = Automatic;
						TestTargetID = D87490901F48F873007E659F;
					};
					D87490AF1F48F873007E659F = {
						CreatedOnToolsVersion = 8.3.3;
						DevelopmentTeam = 3S86DJ63TR;
						ProvisioningStyle = Automatic;
						TestTargetID = D87490901F48F873007E659F;
					};
				};
			};
			buildConfigurationList = D874908C1F48F873007E659F /* Build configuration list for PBXProject "pocky" */;
			compatibilityVersion = "Xcode 3.2";
			developmentRegion = English;
			hasScannedForEncodings = 0;
			knownRegions = (
				en,
				Base,
			);
			mainGroup = D87490881F48F873007E659F;
			productRefGroup = D87490921F48F873007E659F /* Products */;
			projectDirPath = "";
			projectRoot = "";
			targets = (
				D87490901F48F873007E659F /* pocky */,
				D87490A41F48F873007E659F /* pockyTests */,
				D87490AF1F48F873007E659F /* pockyUITests */,
			);
		};
/* End PBXProject section */

/* Begin PBXResourcesBuildPhase section */
		D874908F1F48F873007E659F /* Resources */ = {
			isa = PBXResourcesBuildPhase;
			buildActionMask = 2147483647;
			files = (
				D874909F1F48F873007E659F /* LaunchScreen.storyboard in Resources */,
				D874909C1F48F873007E659F /* Assets.xcassets in Resources */,
				D874909A1F48F873007E659F /* Main.storyboard in Resources */,
			);
			runOnlyForDeploymentPostprocessing = 0;
		};
		D87490A31F48F873007E659F /* Resources */ = {
			isa = PBXResourcesBuildPhase;
			buildActionMask = 2147483647;
			files = (
			);
			runOnlyForDeploymentPostprocessing = 0;
		};
		D87490AE1F48F873007E659F /* Resources */ = {
			isa = PBXResourcesBuildPhase;
			buildActionMask = 2147483647;
			files = (
			);
			runOnlyForDeploymentPostprocessing = 0;
		};
/* End PBXResourcesBuildPhase section */

/* Begin PBXSourcesBuildPhase section */
		D874908D1F48F873007E659F /* Sources */ = {
			isa = PBXSourcesBuildPhase;
			buildActionMask = 2147483647;
			files = (
				D87490971F48F873007E659F /* ViewController.swift in Sources */,
				D87490951F48F873007E659F /* AppDelegate.swift in Sources */,
			);
			runOnlyForDeploymentPostprocessing = 0;
		};
		D87490A11F48F873007E659F /* Sources */ = {
			isa = PBXSourcesBuildPhase;
			buildActionMask = 2147483647;
			files = (
				D87490AA1F48F873007E659F /* pockyTests.swift in Sources */,
			);
			runOnlyForDeploymentPostprocessing = 0;
		};
		D87490AC1F48F873007E659F /* Sources */ = {
			isa = PBXSourcesBuildPhase;
			buildActionMask = 2147483647;
			files = (
				D87490B51F48F873007E659F /* pockyUITests.swift in Sources */,
			);
			runOnlyForDeploymentPostprocessing = 0;
		};
/* End PBXSourcesBuildPhase section */

/* Begin PBXTargetDependency section */
		D87490A71F48F873007E659F /* PBXTargetDependency */ = {
			isa = PBXTargetDependency;
			target = D87490901F48F873007E659F /* pocky */;
			targetProxy = D87490A61F48F873007E659F /* PBXContainerItemProxy */;
		};
		D87490B21F48F873007E659F /* PBXTargetDependency */ = {
			isa = PBXTargetDependency;
			target = D87490901F48F873007E659F /* pocky */;
			targetProxy = D87490B11F48F873007E659F /* PBXContainerItemProxy */;
		};
/* End PBXTargetDependency section */

/* Begin PBXVariantGroup section */
		D87490981F48F873007E659F /* Main.storyboard */ = {
			isa = PBXVariantGroup;
			children = (
				D87490991F48F873007E659F /* Base */,
			);
			name = Main.storyboard;
			sourceTree = "<group>";
		};
		D874909D1F48F873007E659F /* LaunchScreen.storyboard */ = {
			isa = PBXVariantGroup;
			children = (
				D874909E1F48F873007E659F /* Base */,
			);
			name = LaunchScreen.storyboard;
			sourceTree = "<group>";
		};
/* End PBXVariantGroup section */

/* Begin XCBuildConfiguration section */
		D87490B71F48F873007E659F /* Debug */ = {
			isa = XCBuildConfiguration;
			buildSettings = {
				ALWAYS_SEARCH_USER_PATHS = NO;
				CLANG_ANALYZER_NONNULL = YES;
				CLANG_ANALYZER_NUMBER_OBJECT_CONVERSION = YES_AGGRESSIVE;
				CLANG_CXX_LANGUAGE_STANDARD = "gnu++0x";
				CLANG_CXX_LIBRARY = "libc++";
				CLANG_ENABLE_MODULES = YES;
				CLANG_ENABLE_OBJC_ARC = YES;
				CLANG_WARN_BOOL_CONVERSION = YES;
				CLANG_WARN_CONSTANT_CONVERSION = YES;
				CLANG_WARN_DIRECT_OBJC_ISA_USAGE = YES_ERROR;
				CLANG_WARN_DOCUMENTATION_COMMENTS = YES;
				CLANG_WARN_EMPTY_BODY = YES;
				CLANG_WARN_ENUM_CONVERSION = YES;
				CLANG_WARN_INFINITE_RECURSION = YES;
				CLANG_WARN_INT_CONVERSION = YES;
				CLANG_WARN_OBJC_ROOT_CLASS = YES_ERROR;
				CLANG_WARN_SUSPICIOUS_MOVE = YES;
				CLANG_WARN_UNREACHABLE_CODE = YES;
				CLANG_WARN__DUPLICATE_METHOD_MATCH = YES;
				"CODE_SIGN_IDENTITY[sdk=iphoneos*]" = "iPhone Developer";
				COPY_PHASE_STRIP = NO;
				DEBUG_INFORMATION_FORMAT = dwarf;
				ENABLE_STRICT_OBJC_MSGSEND = YES;
				ENABLE_TESTABILITY = YES;
				GCC_C_LANGUAGE_STANDARD = gnu99;
				GCC_DYNAMIC_NO_PIC = NO;
				GCC_NO_COMMON_BLOCKS = YES;
				GCC_OPTIMIZATION_LEVEL = 0;
				GCC_PREPROCESSOR_DEFINITIONS = (
					"DEBUG=1",
					"$(inherited)",
				);
				GCC_WARN_64_TO_32_BIT_CONVERSION = YES;
				GCC_WARN_ABOUT_RETURN_TYPE = YES_ERROR;
				GCC_WARN_UNDECLARED_SELECTOR = YES;
				GCC_WARN_UNINITIALIZED_AUTOS = YES_AGGRESSIVE;
				GCC_WARN_UNUSED_FUNCTION = YES;
				GCC_WARN_UNUSED_VARIABLE = YES;
				IPHONEOS_DEPLOYMENT_TARGET = 10.3;
				MTL_ENABLE_DEBUG_INFO = YES;
				ONLY_ACTIVE_ARCH = YES;
				SDKROOT = iphoneos;
				SWIFT_ACTIVE_COMPILATION_CONDITIONS = DEBUG;
				SWIFT_OPTIMIZATION_LEVEL = "-Onone";
				TARGETED_DEVICE_FAMILY = "1,2";
			};
			name = Debug;
		};
		D87490B81F48F873007E659F /* Release */ = {
			isa = XCBuildConfiguration;
			buildSettings = {
				ALWAYS_SEARCH_USER_PATHS = NO;
				CLANG_ANALYZER_NONNULL = YES;
				CLANG_ANALYZER_NUMBER_OBJECT_CONVERSION = YES_AGGRESSIVE;
				CLANG_CXX_LANGUAGE_STANDARD = "gnu++0x";
				CLANG_CXX_LIBRARY = "libc++";
				CLANG_ENABLE_MODULES = YES;
				CLANG_ENABLE_OBJC_ARC = YES;
				CLANG_WARN_BOOL_CONVERSION = YES;
				CLANG_WARN_CONSTANT_CONVERSION = YES;
				CLANG_WARN_DIRECT_OBJC_ISA_USAGE = YES_ERROR;
				CLANG_WARN_DOCUMENTATION_COMMENTS = YES;
				CLANG_WARN_EMPTY_BODY = YES;
				CLANG_WARN_ENUM_CONVERSION = YES;
				CLANG_WARN_INFINITE_RECURSION = YES;
				CLANG_WARN_INT_CONVERSION = YES;
				CLANG_WARN_OBJC_ROOT_CLASS = YES_ERROR;
				CLANG_WARN_SUSPICIOUS_MOVE = YES;
				CLANG_WARN_UNREACHABLE_CODE = YES;
				CLANG_WARN__DUPLICATE_METHOD_MATCH = YES;
				"CODE_SIGN_IDENTITY[sdk=iphoneos*]" = "iPhone Developer";
				COPY_PHASE_STRIP = NO;
				DEBUG_INFORMATION_FORMAT = "dwarf-with-dsym";
				ENABLE_NS_ASSERTIONS = NO;
				ENABLE_STRICT_OBJC_MSGSEND = YES;
				GCC_C_LANGUAGE_STANDARD = gnu99;
				GCC_NO_COMMON_BLOCKS = YES;
				GCC_WARN_64_TO_32_BIT_CONVERSION = YES;
				GCC_WARN_ABOUT_RETURN_TYPE = YES_ERROR;
				GCC_WARN_UNDECLARED_SELECTOR = YES;
				GCC_WARN_UNINITIALIZED_AUTOS = YES_AGGRESSIVE;
				GCC_WARN_UNUSED_FUNCTION = YES;
				GCC_WARN_UNUSED_VARIABLE = YES;
				IPHONEOS_DEPLOYMENT_TARGET = 10.3;
				MTL_ENABLE_DEBUG_INFO = NO;
				SDKROOT = iphoneos;
				SWIFT_OPTIMIZATION_LEVEL = "-Owholemodule";
				TARGETED_DEVICE_FAMILY = "1,2";
				VALIDATE_PRODUCT = YES;
			};
			name = Release;
		};
		D87490BA1F48F873007E659F /* Debug */ = {
			isa = XCBuildConfiguration;
			buildSettings = {
				ASSETCATALOG_COMPILER_APPICON_NAME = AppIcon;
				DEVELOPMENT_TEAM = 3S86DJ63TR;
				INFOPLIST_FILE = pocky/Info.plist;
				LD_RUNPATH_SEARCH_PATHS = "$(inherited) @executable_path/Frameworks";
				PRODUCT_BUNDLE_IDENTIFIER = com.nathanchan.pocky;
				PRODUCT_NAME = "$(TARGET_NAME)";
				SWIFT_VERSION = 3.0;
			};
			name = Debug;
		};
		D87490BB1F48F873007E659F /* Release */ = {
			isa = XCBuildConfiguration;
			buildSettings = {
				ASSETCATALOG_COMPILER_APPICON_NAME = AppIcon;
				DEVELOPMENT_TEAM = 3S86DJ63TR;
				INFOPLIST_FILE = pocky/Info.plist;
				LD_RUNPATH_SEARCH_PATHS = "$(inherited) @executable_path/Frameworks";
				PRODUCT_BUNDLE_IDENTIFIER = com.nathanchan.pocky;
				PRODUCT_NAME = "$(TARGET_NAME)";
				SWIFT_VERSION = 3.0;
			};
			name = Release;
		};
		D87490BD1F48F873007E659F /* Debug */ = {
			isa = XCBuildConfiguration;
			buildSettings = {
				ALWAYS_EMBED_SWIFT_STANDARD_LIBRARIES = YES;
				BUNDLE_LOADER = "$(TEST_HOST)";
				DEVELOPMENT_TEAM = 3S86DJ63TR;
				INFOPLIST_FILE = pockyTests/Info.plist;
				LD_RUNPATH_SEARCH_PATHS = "$(inherited) @executable_path/Frameworks @loader_path/Frameworks";
				PRODUCT_BUNDLE_IDENTIFIER = com.nathanchan.pockyTests;
				PRODUCT_NAME = "$(TARGET_NAME)";
				SWIFT_VERSION = 3.0;
				TEST_HOST = "$(BUILT_PRODUCTS_DIR)/pocky.app/pocky";
			};
			name = Debug;
		};
		D87490BE1F48F873007E659F /* Release */ = {
			isa = XCBuildConfiguration;
			buildSettings = {
				ALWAYS_EMBED_SWIFT_STANDARD_LIBRARIES = YES;
				BUNDLE_LOADER = "$(TEST_HOST)";
				DEVELOPMENT_TEAM = 3S86DJ63TR;
				INFOPLIST_FILE = pockyTests/Info.plist;
				LD_RUNPATH_SEARCH_PATHS = "$(inherited) @executable_path/Frameworks @loader_path/Frameworks";
				PRODUCT_BUNDLE_IDENTIFIER = com.nathanchan.pockyTests;
				PRODUCT_NAME = "$(TARGET_NAME)";
				SWIFT_VERSION = 3.0;
				TEST_HOST = "$(BUILT_PRODUCTS_DIR)/pocky.app/pocky";
			};
			name = Release;
		};
		D87490C01F48F873007E659F /* Debug */ = {
			isa = XCBuildConfiguration;
			buildSettings = {
				ALWAYS_EMBED_SWIFT_STANDARD_LIBRARIES = YES;
				DEVELOPMENT_TEAM = 3S86DJ63TR;
				INFOPLIST_FILE = pockyUITests/Info.plist;
				LD_RUNPATH_SEARCH_PATHS = "$(inherited) @executable_path/Frameworks @loader_path/Frameworks";
				PRODUCT_BUNDLE_IDENTIFIER = com.nathanchan.pockyUITests;
				PRODUCT_NAME = "$(TARGET_NAME)";
				SWIFT_VERSION = 3.0;
				TEST_TARGET_NAME = pocky;
			};
			name = Debug;
		};
		D87490C11F48F873007E659F /* Release */ = {
			isa = XCBuildConfiguration;
			buildSettings = {
				ALWAYS_EMBED_SWIFT_STANDARD_LIBRARIES = YES;
				DEVELOPMENT_TEAM = 3S86DJ63TR;
				INFOPLIST_FILE = pockyUITests/Info.plist;
				LD_RUNPATH_SEARCH_PATHS = "$(inherited) @executable_path/Frameworks @loader_path/Frameworks";
				PRODUCT_BUNDLE_IDENTIFIER = com.nathanchan.pockyUITests;
				PRODUCT_NAME = "$(TARGET_NAME)";
				SWIFT_VERSION = 3.0;
				TEST_TARGET_NAME = pocky;
			};
			name = Release;
		};
/* End XCBuildConfiguration section */

/* Begin XCConfigurationList section */
		D874908C1F48F873007E659F /* Build configuration list for PBXProject "pocky" */ = {
			isa = XCConfigurationList;
			buildConfigurations = (
				D87490B71F48F873007E659F /* Debug */,
				D87490B81F48F873007E659F /* Release */,
			);
			defaultConfigurationIsVisible = 0;
			defaultConfigurationName = Release;
		};
		D87490B91F48F873007E659F /* Build configuration list for PBXNativeTarget "pocky" */ = {
			isa = XCConfigurationList;
			buildConfigurations = (
				D87490BA1F48F873007E659F /* Debug */,
				D87490BB1F48F873007E659F /* Release */,
			);
			defaultConfigurationIsVisible = 0;
		};
		D87490BC1F48F873007E659F /* Build configuration list for PBXNativeTarget "pockyTests" */ = {
			isa = XCConfigurationList;
			buildConfigurations = (
				D87490BD1F48F873007E659F /* Debug */,
				D87490BE1F48F873007E659F /* Release */,
			);
			defaultConfigurationIsVisible = 0;
		};
		D87490BF1F48F873007E659F /* Build configuration list for PBXNativeTarget "pockyUITests" */ = {
			isa = XCConfigurationList;
			buildConfigurations = (
				D87490C01F48F873007E659F /* Debug */,
				D87490C11F48F873007E659F /* Release */,
			);
			defaultConfigurationIsVisible = 0;
		};
/* End XCConfigurationList section */
	};
	rootObject = D87490891F48F873007E659F /* Project object */;
}
