// !$*UTF8*$!
{
	archiveVersion = 1;
	classes = {
	};
	objectVersion = 46;
	objects = {

/* Begin PBXBuildFile section */
		508E5B69607439BA4A31B210 /* Pods_pocky.framework in Frameworks */ = {isa = PBXBuildFile; fileRef = 1FB1E1B5A1D2A2BAE945A459 /* Pods_pocky.framework */; };
		A9E43808861A0AC038210914 /* Pods_pockyUITests.framework in Frameworks */ = {isa = PBXBuildFile; fileRef = FD6921F1BAFA3FD4A1E41808 /* Pods_pockyUITests.framework */; };
		D87490951F48F873007E659F /* AppDelegate.swift in Sources */ = {isa = PBXBuildFile; fileRef = D87490941F48F873007E659F /* AppDelegate.swift */; };
		D874909A1F48F873007E659F /* Main.storyboard in Resources */ = {isa = PBXBuildFile; fileRef = D87490981F48F873007E659F /* Main.storyboard */; };
		D874909C1F48F873007E659F /* Assets.xcassets in Resources */ = {isa = PBXBuildFile; fileRef = D874909B1F48F873007E659F /* Assets.xcassets */; };
		D874909F1F48F873007E659F /* LaunchScreen.storyboard in Resources */ = {isa = PBXBuildFile; fileRef = D874909D1F48F873007E659F /* LaunchScreen.storyboard */; };
		D87490AA1F48F873007E659F /* pockyTests.swift in Sources */ = {isa = PBXBuildFile; fileRef = D87490A91F48F873007E659F /* pockyTests.swift */; };
		D87490B51F48F873007E659F /* pockyUITests.swift in Sources */ = {isa = PBXBuildFile; fileRef = D87490B41F48F873007E659F /* pockyUITests.swift */; };
		D87490C31F48F952007E659F /* GoogleService-Info.plist in Resources */ = {isa = PBXBuildFile; fileRef = D87490C21F48F952007E659F /* GoogleService-Info.plist */; };
		D87490C61F4A066C007E659F /* Dish.swift in Sources */ = {isa = PBXBuildFile; fileRef = D87490C51F4A066C007E659F /* Dish.swift */; };
		D87490C91F4A07D1007E659F /* Globals.swift in Sources */ = {isa = PBXBuildFile; fileRef = D87490C81F4A07D1007E659F /* Globals.swift */; };
		D87490CC1F4B7BA5007E659F /* ShuffleViewController.swift in Sources */ = {isa = PBXBuildFile; fileRef = D87490CB1F4B7BA4007E659F /* ShuffleViewController.swift */; };
		D87490D11F4B833F007E659F /* shuffle.png in Resources */ = {isa = PBXBuildFile; fileRef = D87490D01F4B833F007E659F /* shuffle.png */; };
		D87490D81F4B8D6F007E659F /* spatula-76.png in Resources */ = {isa = PBXBuildFile; fileRef = D87490D61F4B8D6F007E659F /* spatula-76.png */; };
		D87490D91F4B8D6F007E659F /* spatula-152.png in Resources */ = {isa = PBXBuildFile; fileRef = D87490D71F4B8D6F007E659F /* spatula-152.png */; };
		D87490DB1F4B90E6007E659F /* DrawableStackView.swift in Sources */ = {isa = PBXBuildFile; fileRef = D87490DA1F4B90E6007E659F /* DrawableStackView.swift */; };
		D87490E01F4CC8BB007E659F /* MealViewModel.swift in Sources */ = {isa = PBXBuildFile; fileRef = D87490DF1F4CC8BB007E659F /* MealViewModel.swift */; };
		D87490E21F4CCCA0007E659F /* MealsViewModel.swift in Sources */ = {isa = PBXBuildFile; fileRef = D87490E11F4CCCA0007E659F /* MealsViewModel.swift */; };
		FD720A4C7BFE40B6BC7C7406 /* Pods_pockyTests.framework in Frameworks */ = {isa = PBXBuildFile; fileRef = 092D03F79CB6E185A787F91B /* Pods_pockyTests.framework */; };
/* End PBXBuildFile section */

/* Begin PBXContainerItemProxy section */
		D87490A61F48F873007E659F /* PBXContainerItemProxy */ = {
			isa = PBXContainerItemProxy;
			containerPortal = D87490891F48F873007E659F /* Project object */;
			proxyType = 1;
			remoteGlobalIDString = D87490901F48F873007E659F;
			remoteInfo = pocky;
		};
		D87490B11F48F873007E659F /* PBXContainerItemProxy */ = {
			isa = PBXContainerItemProxy;
			containerPortal = D87490891F48F873007E659F /* Project object */;
			proxyType = 1;
			remoteGlobalIDString = D87490901F48F873007E659F;
			remoteInfo = pocky;
		};
/* End PBXContainerItemProxy section */

/* Begin PBXFileReference section */
		092D03F79CB6E185A787F91B /* Pods_pockyTests.framework */ = {isa = PBXFileReference; explicitFileType = wrapper.framework; includeInIndex = 0; path = Pods_pockyTests.framework; sourceTree = BUILT_PRODUCTS_DIR; };
		1E3702245DDD4E65F4F4C865 /* Pods-pockyTests.debug.xcconfig */ = {isa = PBXFileReference; includeInIndex = 1; lastKnownFileType = text.xcconfig; name = "Pods-pockyTests.debug.xcconfig"; path = "Pods/Target Support Files/Pods-pockyTests/Pods-pockyTests.debug.xcconfig"; sourceTree = "<group>"; };
		1FB1E1B5A1D2A2BAE945A459 /* Pods_pocky.framework */ = {isa = PBXFileReference; explicitFileType = wrapper.framework; includeInIndex = 0; path = Pods_pocky.framework; sourceTree = BUILT_PRODUCTS_DIR; };
		46EF7A8C348F5F97247CB827 /* Pods-pockyUITests.release.xcconfig */ = {isa = PBXFileReference; includeInIndex = 1; lastKnownFileType = text.xcconfig; name = "Pods-pockyUITests.release.xcconfig"; path = "Pods/Target Support Files/Pods-pockyUITests/Pods-pockyUITests.release.xcconfig"; sourceTree = "<group>"; };
		5B1E2541EC99AA3CD6967384 /* Pods-pockyTests.release.xcconfig */ = {isa = PBXFileReference; includeInIndex = 1; lastKnownFileType = text.xcconfig; name = "Pods-pockyTests.release.xcconfig"; path = "Pods/Target Support Files/Pods-pockyTests/Pods-pockyTests.release.xcconfig"; sourceTree = "<group>"; };
		87FC45D659563FC67E13BE8C /* Pods-pockyUITests.debug.xcconfig */ = {isa = PBXFileReference; includeInIndex = 1; lastKnownFileType = text.xcconfig; name = "Pods-pockyUITests.debug.xcconfig"; path = "Pods/Target Support Files/Pods-pockyUITests/Pods-pockyUITests.debug.xcconfig"; sourceTree = "<group>"; };
		B13F3E92D9C94215BFCF730E /* Pods-pocky.debug.xcconfig */ = {isa = PBXFileReference; includeInIndex = 1; lastKnownFileType = text.xcconfig; name = "Pods-pocky.debug.xcconfig"; path = "Pods/Target Support Files/Pods-pocky/Pods-pocky.debug.xcconfig"; sourceTree = "<group>"; };
		D87490911F48F873007E659F /* pocky.app */ = {isa = PBXFileReference; explicitFileType = wrapper.application; includeInIndex = 0; path = pocky.app; sourceTree = BUILT_PRODUCTS_DIR; };
		D87490941F48F873007E659F /* AppDelegate.swift */ = {isa = PBXFileReference; lastKnownFileType = sourcecode.swift; path = AppDelegate.swift; sourceTree = "<group>"; };
		D87490991F48F873007E659F /* Base */ = {isa = PBXFileReference; lastKnownFileType = file.storyboard; name = Base; path = Base.lproj/Main.storyboard; sourceTree = "<group>"; };
		D874909B1F48F873007E659F /* Assets.xcassets */ = {isa = PBXFileReference; lastKnownFileType = folder.assetcatalog; path = Assets.xcassets; sourceTree = "<group>"; };
		D874909E1F48F873007E659F /* Base */ = {isa = PBXFileReference; lastKnownFileType = file.storyboard; name = Base; path = Base.lproj/LaunchScreen.storyboard; sourceTree = "<group>"; };
		D87490A01F48F873007E659F /* Info.plist */ = {isa = PBXFileReference; lastKnownFileType = text.plist.xml; path = Info.plist; sourceTree = "<group>"; };
		D87490A51F48F873007E659F /* pockyTests.xctest */ = {isa = PBXFileReference; explicitFileType = wrapper.cfbundle; includeInIndex = 0; path = pockyTests.xctest; sourceTree = BUILT_PRODUCTS_DIR; };
		D87490A91F48F873007E659F /* pockyTests.swift */ = {isa = PBXFileReference; lastKnownFileType = sourcecode.swift; path = pockyTests.swift; sourceTree = "<group>"; };
		D87490AB1F48F873007E659F /* Info.plist */ = {isa = PBXFileReference; lastKnownFileType = text.plist.xml; path = Info.plist; sourceTree = "<group>"; };
		D87490B01F48F873007E659F /* pockyUITests.xctest */ = {isa = PBXFileReference; explicitFileType = wrapper.cfbundle; includeInIndex = 0; path = pockyUITests.xctest; sourceTree = BUILT_PRODUCTS_DIR; };
		D87490B41F48F873007E659F /* pockyUITests.swift */ = {isa = PBXFileReference; lastKnownFileType = sourcecode.swift; path = pockyUITests.swift; sourceTree = "<group>"; };
		D87490B61F48F873007E659F /* Info.plist */ = {isa = PBXFileReference; lastKnownFileType = text.plist.xml; path = Info.plist; sourceTree = "<group>"; };
		D87490C21F48F952007E659F /* GoogleService-Info.plist */ = {isa = PBXFileReference; fileEncoding = 4; lastKnownFileType = text.plist.xml; path = "GoogleService-Info.plist"; sourceTree = "<group>"; };
		D87490C51F4A066C007E659F /* Dish.swift */ = {isa = PBXFileReference; fileEncoding = 4; lastKnownFileType = sourcecode.swift; name = Dish.swift; path = Models/Dish.swift; sourceTree = "<group>"; };
		D87490C81F4A07D1007E659F /* Globals.swift */ = {isa = PBXFileReference; fileEncoding = 4; lastKnownFileType = sourcecode.swift; name = Globals.swift; path = Utils/Globals.swift; sourceTree = "<group>"; };
		D87490CA1F4A0AF8007E659F /* pocky.playground */ = {isa = PBXFileReference; lastKnownFileType = file.playground; path = pocky.playground; sourceTree = "<group>"; };
		D87490CB1F4B7BA4007E659F /* ShuffleViewController.swift */ = {isa = PBXFileReference; fileEncoding = 4; lastKnownFileType = sourcecode.swift; path = ShuffleViewController.swift; sourceTree = "<group>"; };
		D87490D01F4B833F007E659F /* shuffle.png */ = {isa = PBXFileReference; lastKnownFileType = image.png; name = shuffle.png; path = Icons/shuffle.png; sourceTree = "<group>"; };
		D87490D61F4B8D6F007E659F /* spatula-76.png */ = {isa = PBXFileReference; lastKnownFileType = image.png; path = "spatula-76.png"; sourceTree = "<group>"; };
		D87490D71F4B8D6F007E659F /* spatula-152.png */ = {isa = PBXFileReference; lastKnownFileType = image.png; path = "spatula-152.png"; sourceTree = "<group>"; };
		D87490DA1F4B90E6007E659F /* DrawableStackView.swift */ = {isa = PBXFileReference; fileEncoding = 4; lastKnownFileType = sourcecode.swift; path = DrawableStackView.swift; sourceTree = "<group>"; };
		D87490DF1F4CC8BB007E659F /* MealViewModel.swift */ = {isa = PBXFileReference; fileEncoding = 4; lastKnownFileType = sourcecode.swift; name = MealViewModel.swift; path = "View Models/MealViewModel.swift"; sourceTree = "<group>"; };
		D87490E11F4CCCA0007E659F /* MealsViewModel.swift */ = {isa = PBXFileReference; fileEncoding = 4; lastKnownFileType = sourcecode.swift; name = MealsViewModel.swift; path = "View Models/MealsViewModel.swift"; sourceTree = "<group>"; };
		FD6921F1BAFA3FD4A1E41808 /* Pods_pockyUITests.framework */ = {isa = PBXFileReference; explicitFileType = wrapper.framework; includeInIndex = 0; path = Pods_pockyUITests.framework; sourceTree = BUILT_PRODUCTS_DIR; };
		FFDF740AEA7A2EB0F34C00F7 /* Pods-pocky.release.xcconfig */ = {isa = PBXFileReference; includeInIndex = 1; lastKnownFileType = text.xcconfig; name = "Pods-pocky.release.xcconfig"; path = "Pods/Target Support Files/Pods-pocky/Pods-pocky.release.xcconfig"; sourceTree = "<group>"; };
/* End PBXFileReference section */

/* Begin PBXFrameworksBuildPhase section */
		D874908E1F48F873007E659F /* Frameworks */ = {
			isa = PBXFrameworksBuildPhase;
			buildActionMask = 2147483647;
			files = (
				508E5B69607439BA4A31B210 /* Pods_pocky.framework in Frameworks */,
			);
			runOnlyForDeploymentPostprocessing = 0;
		};
		D87490A21F48F873007E659F /* Frameworks */ = {
			isa = PBXFrameworksBuildPhase;
			buildActionMask = 2147483647;
			files = (
				FD720A4C7BFE40B6BC7C7406 /* Pods_pockyTests.framework in Frameworks */,
			);
			runOnlyForDeploymentPostprocessing = 0;
		};
		D87490AD1F48F873007E659F /* Frameworks */ = {
			isa = PBXFrameworksBuildPhase;
			buildActionMask = 2147483647;
			files = (
				A9E43808861A0AC038210914 /* Pods_pockyUITests.framework in Frameworks */,
			);
			runOnlyForDeploymentPostprocessing = 0;
		};
/* End PBXFrameworksBuildPhase section */

/* Begin PBXGroup section */
		567676FF795206E308954A50 /* Pods */ = {
			isa = PBXGroup;
			children = (
				B13F3E92D9C94215BFCF730E /* Pods-pocky.debug.xcconfig */,
				FFDF740AEA7A2EB0F34C00F7 /* Pods-pocky.release.xcconfig */,
				1E3702245DDD4E65F4F4C865 /* Pods-pockyTests.debug.xcconfig */,
				5B1E2541EC99AA3CD6967384 /* Pods-pockyTests.release.xcconfig */,
				87FC45D659563FC67E13BE8C /* Pods-pockyUITests.debug.xcconfig */,
				46EF7A8C348F5F97247CB827 /* Pods-pockyUITests.release.xcconfig */,
			);
			name = Pods;
			sourceTree = "<group>";
		};
		D87490881F48F873007E659F = {
			isa = PBXGroup;
			children = (
				D87490931F48F873007E659F /* pocky */,
				D87490A81F48F873007E659F /* pockyTests */,
				D87490B31F48F873007E659F /* pockyUITests */,
				D87490921F48F873007E659F /* Products */,
				567676FF795206E308954A50 /* Pods */,
				DEEBA066D5C0D0B6D36ED203 /* Frameworks */,
			);
			sourceTree = "<group>";
		};
		D87490921F48F873007E659F /* Products */ = {
			isa = PBXGroup;
			children = (
				D87490911F48F873007E659F /* pocky.app */,
				D87490A51F48F873007E659F /* pockyTests.xctest */,
				D87490B01F48F873007E659F /* pockyUITests.xctest */,
			);
			name = Products;
			sourceTree = "<group>";
		};
		D87490931F48F873007E659F /* pocky */ = {
			isa = PBXGroup;
			children = (
				D87490CD1F4B8313007E659F /* icons */,
				D87490C71F4A07B9007E659F /* utils */,
				D87490C41F4A0645007E659F /* models */,
				D87490DC1F4CB7FE007E659F /* viewmodels */,
				D87490CB1F4B7BA4007E659F /* ShuffleViewController.swift */,
				D87490941F48F873007E659F /* AppDelegate.swift */,
				D87490981F48F873007E659F /* Main.storyboard */,
				D874909B1F48F873007E659F /* Assets.xcassets */,
				D874909D1F48F873007E659F /* LaunchScreen.storyboard */,
				D87490A01F48F873007E659F /* Info.plist */,
				D87490C21F48F952007E659F /* GoogleService-Info.plist */,
				D87490CA1F4A0AF8007E659F /* pocky.playground */,
				D87490DA1F4B90E6007E659F /* DrawableStackView.swift */,
			);
			path = pocky;
			sourceTree = "<group>";
		};
		D87490A81F48F873007E659F /* pockyTests */ = {
			isa = PBXGroup;
			children = (
				D87490A91F48F873007E659F /* pockyTests.swift */,
				D87490AB1F48F873007E659F /* Info.plist */,
			);
			path = pockyTests;
			sourceTree = "<group>";
		};
		D87490B31F48F873007E659F /* pockyUITests */ = {
			isa = PBXGroup;
			children = (
				D87490B41F48F873007E659F /* pockyUITests.swift */,
				D87490B61F48F873007E659F /* Info.plist */,
			);
			path = pockyUITests;
			sourceTree = "<group>";
		};
		D87490C41F4A0645007E659F /* models */ = {
			isa = PBXGroup;
			children = (
				D87490C51F4A066C007E659F /* Dish.swift */,
			);
			name = models;
			sourceTree = "<group>";
		};
		D87490C71F4A07B9007E659F /* utils */ = {
			isa = PBXGroup;
			children = (
				D87490C81F4A07D1007E659F /* Globals.swift */,
			);
			name = utils;
			sourceTree = "<group>";
		};
		D87490CD1F4B8313007E659F /* icons */ = {
			isa = PBXGroup;
			children = (
				D87490D61F4B8D6F007E659F /* spatula-76.png */,
				D87490D71F4B8D6F007E659F /* spatula-152.png */,
				D87490D01F4B833F007E659F /* shuffle.png */,
			);
			name = icons;
			sourceTree = "<group>";
		};
		D87490DC1F4CB7FE007E659F /* viewmodels */ = {
			isa = PBXGroup;
			children = (
				D87490DF1F4CC8BB007E659F /* MealViewModel.swift */,
				D87490E11F4CCCA0007E659F /* MealsViewModel.swift */,
			);
			name = viewmodels;
			sourceTree = "<group>";
		};
		DEEBA066D5C0D0B6D36ED203 /* Frameworks */ = {
			isa = PBXGroup;
			children = (
				1FB1E1B5A1D2A2BAE945A459 /* Pods_pocky.framework */,
				092D03F79CB6E185A787F91B /* Pods_pockyTests.framework */,
				FD6921F1BAFA3FD4A1E41808 /* Pods_pockyUITests.framework */,
			);
			name = Frameworks;
			sourceTree = "<group>";
		};
/* End PBXGroup section */

/* Begin PBXNativeTarget section */
		D87490901F48F873007E659F /* pocky */ = {
			isa = PBXNativeTarget;
			buildConfigurationList = D87490B91F48F873007E659F /* Build configuration list for PBXNativeTarget "pocky" */;
			buildPhases = (
				C483A4C1E2CFD62F45BDEAED /* [CP] Check Pods Manifest.lock */,
				D874908D1F48F873007E659F /* Sources */,
				D874908E1F48F873007E659F /* Frameworks */,
				D874908F1F48F873007E659F /* Resources */,
				3E9797C3C9BC49FBCDB8F90A /* [CP] Embed Pods Frameworks */,
				E015B978A18F7C18DB83A693 /* [CP] Copy Pods Resources */,
			);
			buildRules = (
			);
			dependencies = (
			);
			name = pocky;
			productName = pocky;
			productReference = D87490911F48F873007E659F /* pocky.app */;
			productType = "com.apple.product-type.application";
		};
		D87490A41F48F873007E659F /* pockyTests */ = {
			isa = PBXNativeTarget;
			buildConfigurationList = D87490BC1F48F873007E659F /* Build configuration list for PBXNativeTarget "pockyTests" */;
			buildPhases = (
				8DC3F6C3462DE67E506919B5 /* [CP] Check Pods Manifest.lock */,
				D87490A11F48F873007E659F /* Sources */,
				D87490A21F48F873007E659F /* Frameworks */,
				D87490A31F48F873007E659F /* Resources */,
				6E5449BF8ECF08D0D3EE41F8 /* [CP] Embed Pods Frameworks */,
				92B6AEAD464332CF265ABD9B /* [CP] Copy Pods Resources */,
			);
			buildRules = (
			);
			dependencies = (
				D87490A71F48F873007E659F /* PBXTargetDependency */,
			);
			name = pockyTests;
			productName = pockyTests;
			productReference = D87490A51F48F873007E659F /* pockyTests.xctest */;
			productType = "com.apple.product-type.bundle.unit-test";
		};
		D87490AF1F48F873007E659F /* pockyUITests */ = {
			isa = PBXNativeTarget;
			buildConfigurationList = D87490BF1F48F873007E659F /* Build configuration list for PBXNativeTarget "pockyUITests" */;
			buildPhases = (
				F55748027F89D9D62326D061 /* [CP] Check Pods Manifest.lock */,
				D87490AC1F48F873007E659F /* Sources */,
				D87490AD1F48F873007E659F /* Frameworks */,
				D87490AE1F48F873007E659F /* Resources */,
				5CE9564A5ED92CE94C892C7C /* [CP] Embed Pods Frameworks */,
				A3AE21C2E9A9391A1C7AF33E /* [CP] Copy Pods Resources */,
			);
			buildRules = (
			);
			dependencies = (
				D87490B21F48F873007E659F /* PBXTargetDependency */,
			);
			name = pockyUITests;
			productName = pockyUITests;
			productReference = D87490B01F48F873007E659F /* pockyUITests.xctest */;
			productType = "com.apple.product-type.bundle.ui-testing";
		};
/* End PBXNativeTarget section */

/* Begin PBXProject section */
		D87490891F48F873007E659F /* Project object */ = {
			isa = PBXProject;
			attributes = {
				LastSwiftUpdateCheck = 0830;
				LastUpgradeCheck = 0830;
				ORGANIZATIONNAME = "Nathan Chan";
				TargetAttributes = {
					D87490901F48F873007E659F = {
						CreatedOnToolsVersion = 8.3.3;
						DevelopmentTeam = 3S86DJ63TR;
						ProvisioningStyle = Automatic;
					};
					D87490A41F48F873007E659F = {
						CreatedOnToolsVersion = 8.3.3;
						DevelopmentTeam = 3S86DJ63TR;
						ProvisioningStyle = Automatic;
						TestTargetID = D87490901F48F873007E659F;
					};
					D87490AF1F48F873007E659F = {
						CreatedOnToolsVersion = 8.3.3;
						DevelopmentTeam = 3S86DJ63TR;
						ProvisioningStyle = Automatic;
						TestTargetID = D87490901F48F873007E659F;
					};
				};
			};
			buildConfigurationList = D874908C1F48F873007E659F /* Build configuration list for PBXProject "pocky" */;
			compatibilityVersion = "Xcode 3.2";
			developmentRegion = English;
			hasScannedForEncodings = 0;
			knownRegions = (
				en,
				Base,
			);
			mainGroup = D87490881F48F873007E659F;
			productRefGroup = D87490921F48F873007E659F /* Products */;
			projectDirPath = "";
			projectRoot = "";
			targets = (
				D87490901F48F873007E659F /* pocky */,
				D87490A41F48F873007E659F /* pockyTests */,
				D87490AF1F48F873007E659F /* pockyUITests */,
			);
		};
/* End PBXProject section */

/* Begin PBXResourcesBuildPhase section */
		D874908F1F48F873007E659F /* Resources */ = {
			isa = PBXResourcesBuildPhase;
			buildActionMask = 2147483647;
			files = (
				D874909F1F48F873007E659F /* LaunchScreen.storyboard in Resources */,
				D87490C31F48F952007E659F /* GoogleService-Info.plist in Resources */,
				D87490D91F4B8D6F007E659F /* spatula-152.png in Resources */,
				D874909C1F48F873007E659F /* Assets.xcassets in Resources */,
				D87490D11F4B833F007E659F /* shuffle.png in Resources */,
				D874909A1F48F873007E659F /* Main.storyboard in Resources */,
				D87490D81F4B8D6F007E659F /* spatula-76.png in Resources */,
			);
			runOnlyForDeploymentPostprocessing = 0;
		};
		D87490A31F48F873007E659F /* Resources */ = {
			isa = PBXResourcesBuildPhase;
			buildActionMask = 2147483647;
			files = (
			);
			runOnlyForDeploymentPostprocessing = 0;
		};
		D87490AE1F48F873007E659F /* Resources */ = {
			isa = PBXResourcesBuildPhase;
			buildActionMask = 2147483647;
			files = (
			);
			runOnlyForDeploymentPostprocessing = 0;
		};
/* End PBXResourcesBuildPhase section */

/* Begin PBXShellScriptBuildPhase section */
		3E9797C3C9BC49FBCDB8F90A /* [CP] Embed Pods Frameworks */ = {
			isa = PBXShellScriptBuildPhase;
			buildActionMask = 2147483647;
			files = (
			);
			inputPaths = (
			);
			name = "[CP] Embed Pods Frameworks";
			outputPaths = (
			);
			runOnlyForDeploymentPostprocessing = 0;
			shellPath = /bin/sh;
			shellScript = "\"${SRCROOT}/Pods/Target Support Files/Pods-pocky/Pods-pocky-frameworks.sh\"\n";
			showEnvVarsInLog = 0;
		};
		5CE9564A5ED92CE94C892C7C /* [CP] Embed Pods Frameworks */ = {
			isa = PBXShellScriptBuildPhase;
			buildActionMask = 2147483647;
			files = (
			);
			inputPaths = (
			);
			name = "[CP] Embed Pods Frameworks";
			outputPaths = (
			);
			runOnlyForDeploymentPostprocessing = 0;
			shellPath = /bin/sh;
			shellScript = "\"${SRCROOT}/Pods/Target Support Files/Pods-pockyUITests/Pods-pockyUITests-frameworks.sh\"\n";
			showEnvVarsInLog = 0;
		};
		6E5449BF8ECF08D0D3EE41F8 /* [CP] Embed Pods Frameworks */ = {
			isa = PBXShellScriptBuildPhase;
			buildActionMask = 2147483647;
			files = (
			);
			inputPaths = (
			);
			name = "[CP] Embed Pods Frameworks";
			outputPaths = (
			);
			runOnlyForDeploymentPostprocessing = 0;
			shellPath = /bin/sh;
			shellScript = "\"${SRCROOT}/Pods/Target Support Files/Pods-pockyTests/Pods-pockyTests-frameworks.sh\"\n";
			showEnvVarsInLog = 0;
		};
		8DC3F6C3462DE67E506919B5 /* [CP] Check Pods Manifest.lock */ = {
			isa = PBXShellScriptBuildPhase;
			buildActionMask = 2147483647;
			files = (
			);
			inputPaths = (
			);
			name = "[CP] Check Pods Manifest.lock";
			outputPaths = (
			);
			runOnlyForDeploymentPostprocessing = 0;
			shellPath = /bin/sh;
			shellScript = "diff \"${PODS_PODFILE_DIR_PATH}/Podfile.lock\" \"${PODS_ROOT}/Manifest.lock\" > /dev/null\nif [ $? != 0 ] ; then\n    # print error to STDERR\n    echo \"error: The sandbox is not in sync with the Podfile.lock. Run 'pod install' or update your CocoaPods installation.\" >&2\n    exit 1\nfi\n";
			showEnvVarsInLog = 0;
		};
		92B6AEAD464332CF265ABD9B /* [CP] Copy Pods Resources */ = {
			isa = PBXShellScriptBuildPhase;
			buildActionMask = 2147483647;
			files = (
			);
			inputPaths = (
			);
			name = "[CP] Copy Pods Resources";
			outputPaths = (
			);
			runOnlyForDeploymentPostprocessing = 0;
			shellPath = /bin/sh;
			shellScript = "\"${SRCROOT}/Pods/Target Support Files/Pods-pockyTests/Pods-pockyTests-resources.sh\"\n";
			showEnvVarsInLog = 0;
		};
		A3AE21C2E9A9391A1C7AF33E /* [CP] Copy Pods Resources */ = {
			isa = PBXShellScriptBuildPhase;
			buildActionMask = 2147483647;
			files = (
			);
			inputPaths = (
			);
			name = "[CP] Copy Pods Resources";
			outputPaths = (
			);
			runOnlyForDeploymentPostprocessing = 0;
			shellPath = /bin/sh;
			shellScript = "\"${SRCROOT}/Pods/Target Support Files/Pods-pockyUITests/Pods-pockyUITests-resources.sh\"\n";
			showEnvVarsInLog = 0;
		};
		C483A4C1E2CFD62F45BDEAED /* [CP] Check Pods Manifest.lock */ = {
			isa = PBXShellScriptBuildPhase;
			buildActionMask = 2147483647;
			files = (
			);
			inputPaths = (
			);
			name = "[CP] Check Pods Manifest.lock";
			outputPaths = (
			);
			runOnlyForDeploymentPostprocessing = 0;
			shellPath = /bin/sh;
			shellScript = "diff \"${PODS_PODFILE_DIR_PATH}/Podfile.lock\" \"${PODS_ROOT}/Manifest.lock\" > /dev/null\nif [ $? != 0 ] ; then\n    # print error to STDERR\n    echo \"error: The sandbox is not in sync with the Podfile.lock. Run 'pod install' or update your CocoaPods installation.\" >&2\n    exit 1\nfi\n";
			showEnvVarsInLog = 0;
		};
		E015B978A18F7C18DB83A693 /* [CP] Copy Pods Resources */ = {
			isa = PBXShellScriptBuildPhase;
			buildActionMask = 2147483647;
			files = (
			);
			inputPaths = (
			);
			name = "[CP] Copy Pods Resources";
			outputPaths = (
			);
			runOnlyForDeploymentPostprocessing = 0;
			shellPath = /bin/sh;
			shellScript = "\"${SRCROOT}/Pods/Target Support Files/Pods-pocky/Pods-pocky-resources.sh\"\n";
			showEnvVarsInLog = 0;
		};
		F55748027F89D9D62326D061 /* [CP] Check Pods Manifest.lock */ = {
			isa = PBXShellScriptBuildPhase;
			buildActionMask = 2147483647;
			files = (
			);
			inputPaths = (
			);
			name = "[CP] Check Pods Manifest.lock";
			outputPaths = (
			);
			runOnlyForDeploymentPostprocessing = 0;
			shellPath = /bin/sh;
			shellScript = "diff \"${PODS_PODFILE_DIR_PATH}/Podfile.lock\" \"${PODS_ROOT}/Manifest.lock\" > /dev/null\nif [ $? != 0 ] ; then\n    # print error to STDERR\n    echo \"error: The sandbox is not in sync with the Podfile.lock. Run 'pod install' or update your CocoaPods installation.\" >&2\n    exit 1\nfi\n";
			showEnvVarsInLog = 0;
		};
/* End PBXShellScriptBuildPhase section */

/* Begin PBXSourcesBuildPhase section */
		D874908D1F48F873007E659F /* Sources */ = {
			isa = PBXSourcesBuildPhase;
			buildActionMask = 2147483647;
			files = (
				D87490C91F4A07D1007E659F /* Globals.swift in Sources */,
				D87490E01F4CC8BB007E659F /* MealViewModel.swift in Sources */,
				D87490C61F4A066C007E659F /* Dish.swift in Sources */,
				D87490DB1F4B90E6007E659F /* DrawableStackView.swift in Sources */,
				D87490E21F4CCCA0007E659F /* MealsViewModel.swift in Sources */,
				D87490951F48F873007E659F /* AppDelegate.swift in Sources */,
				D87490CC1F4B7BA5007E659F /* ShuffleViewController.swift in Sources */,
			);
			runOnlyForDeploymentPostprocessing = 0;
		};
		D87490A11F48F873007E659F /* Sources */ = {
			isa = PBXSourcesBuildPhase;
			buildActionMask = 2147483647;
			files = (
				D87490AA1F48F873007E659F /* pockyTests.swift in Sources */,
			);
			runOnlyForDeploymentPostprocessing = 0;
		};
		D87490AC1F48F873007E659F /* Sources */ = {
			isa = PBXSourcesBuildPhase;
			buildActionMask = 2147483647;
			files = (
				D87490B51F48F873007E659F /* pockyUITests.swift in Sources */,
			);
			runOnlyForDeploymentPostprocessing = 0;
		};
/* End PBXSourcesBuildPhase section */

/* Begin PBXTargetDependency section */
		D87490A71F48F873007E659F /* PBXTargetDependency */ = {
			isa = PBXTargetDependency;
			target = D87490901F48F873007E659F /* pocky */;
			targetProxy = D87490A61F48F873007E659F /* PBXContainerItemProxy */;
		};
		D87490B21F48F873007E659F /* PBXTargetDependency */ = {
			isa = PBXTargetDependency;
			target = D87490901F48F873007E659F /* pocky */;
			targetProxy = D87490B11F48F873007E659F /* PBXContainerItemProxy */;
		};
/* End PBXTargetDependency section */

/* Begin PBXVariantGroup section */
		D87490981F48F873007E659F /* Main.storyboard */ = {
			isa = PBXVariantGroup;
			children = (
				D87490991F48F873007E659F /* Base */,
			);
			name = Main.storyboard;
			sourceTree = "<group>";
		};
		D874909D1F48F873007E659F /* LaunchScreen.storyboard */ = {
			isa = PBXVariantGroup;
			children = (
				D874909E1F48F873007E659F /* Base */,
			);
			name = LaunchScreen.storyboard;
			sourceTree = "<group>";
		};
/* End PBXVariantGroup section */

/* Begin XCBuildConfiguration section */
		D87490B71F48F873007E659F /* Debug */ = {
			isa = XCBuildConfiguration;
			buildSettings = {
				ALWAYS_SEARCH_USER_PATHS = NO;
				CLANG_ANALYZER_NONNULL = YES;
				CLANG_ANALYZER_NUMBER_OBJECT_CONVERSION = YES_AGGRESSIVE;
				CLANG_CXX_LANGUAGE_STANDARD = "gnu++0x";
				CLANG_CXX_LIBRARY = "libc++";
				CLANG_ENABLE_MODULES = YES;
				CLANG_ENABLE_OBJC_ARC = YES;
				CLANG_WARN_BOOL_CONVERSION = YES;
				CLANG_WARN_CONSTANT_CONVERSION = YES;
				CLANG_WARN_DIRECT_OBJC_ISA_USAGE = YES_ERROR;
				CLANG_WARN_DOCUMENTATION_COMMENTS = YES;
				CLANG_WARN_EMPTY_BODY = YES;
				CLANG_WARN_ENUM_CONVERSION = YES;
				CLANG_WARN_INFINITE_RECURSION = YES;
				CLANG_WARN_INT_CONVERSION = YES;
				CLANG_WARN_OBJC_ROOT_CLASS = YES_ERROR;
				CLANG_WARN_SUSPICIOUS_MOVE = YES;
				CLANG_WARN_UNREACHABLE_CODE = YES;
				CLANG_WARN__DUPLICATE_METHOD_MATCH = YES;
				"CODE_SIGN_IDENTITY[sdk=iphoneos*]" = "iPhone Developer";
				COPY_PHASE_STRIP = NO;
				DEBUG_INFORMATION_FORMAT = dwarf;
				ENABLE_STRICT_OBJC_MSGSEND = YES;
				ENABLE_TESTABILITY = YES;
				GCC_C_LANGUAGE_STANDARD = gnu99;
				GCC_DYNAMIC_NO_PIC = NO;
				GCC_NO_COMMON_BLOCKS = YES;
				GCC_OPTIMIZATION_LEVEL = 0;
				GCC_PREPROCESSOR_DEFINITIONS = (
					"DEBUG=1",
					"$(inherited)",
				);
				GCC_WARN_64_TO_32_BIT_CONVERSION = YES;
				GCC_WARN_ABOUT_RETURN_TYPE = YES_ERROR;
				GCC_WARN_UNDECLARED_SELECTOR = YES;
				GCC_WARN_UNINITIALIZED_AUTOS = YES_AGGRESSIVE;
				GCC_WARN_UNUSED_FUNCTION = YES;
				GCC_WARN_UNUSED_VARIABLE = YES;
				IPHONEOS_DEPLOYMENT_TARGET = 10.3;
				MTL_ENABLE_DEBUG_INFO = YES;
				ONLY_ACTIVE_ARCH = YES;
				SDKROOT = iphoneos;
				SWIFT_ACTIVE_COMPILATION_CONDITIONS = DEBUG;
				SWIFT_OPTIMIZATION_LEVEL = "-Onone";
				TARGETED_DEVICE_FAMILY = "1,2";
			};
			name = Debug;
		};
		D87490B81F48F873007E659F /* Release */ = {
			isa = XCBuildConfiguration;
			buildSettings = {
				ALWAYS_SEARCH_USER_PATHS = NO;
				CLANG_ANALYZER_NONNULL = YES;
				CLANG_ANALYZER_NUMBER_OBJECT_CONVERSION = YES_AGGRESSIVE;
				CLANG_CXX_LANGUAGE_STANDARD = "gnu++0x";
				CLANG_CXX_LIBRARY = "libc++";
				CLANG_ENABLE_MODULES = YES;
				CLANG_ENABLE_OBJC_ARC = YES;
				CLANG_WARN_BOOL_CONVERSION = YES;
				CLANG_WARN_CONSTANT_CONVERSION = YES;
				CLANG_WARN_DIRECT_OBJC_ISA_USAGE = YES_ERROR;
				CLANG_WARN_DOCUMENTATION_COMMENTS = YES;
				CLANG_WARN_EMPTY_BODY = YES;
				CLANG_WARN_ENUM_CONVERSION = YES;
				CLANG_WARN_INFINITE_RECURSION = YES;
				CLANG_WARN_INT_CONVERSION = YES;
				CLANG_WARN_OBJC_ROOT_CLASS = YES_ERROR;
				CLANG_WARN_SUSPICIOUS_MOVE = YES;
				CLANG_WARN_UNREACHABLE_CODE = YES;
				CLANG_WARN__DUPLICATE_METHOD_MATCH = YES;
				"CODE_SIGN_IDENTITY[sdk=iphoneos*]" = "iPhone Developer";
				COPY_PHASE_STRIP = NO;
				DEBUG_INFORMATION_FORMAT = "dwarf-with-dsym";
				ENABLE_NS_ASSERTIONS = NO;
				ENABLE_STRICT_OBJC_MSGSEND = YES;
				GCC_C_LANGUAGE_STANDARD = gnu99;
				GCC_NO_COMMON_BLOCKS = YES;
				GCC_WARN_64_TO_32_BIT_CONVERSION = YES;
				GCC_WARN_ABOUT_RETURN_TYPE = YES_ERROR;
				GCC_WARN_UNDECLARED_SELECTOR = YES;
				GCC_WARN_UNINITIALIZED_AUTOS = YES_AGGRESSIVE;
				GCC_WARN_UNUSED_FUNCTION = YES;
				GCC_WARN_UNUSED_VARIABLE = YES;
				IPHONEOS_DEPLOYMENT_TARGET = 10.3;
				MTL_ENABLE_DEBUG_INFO = NO;
				SDKROOT = iphoneos;
				SWIFT_OPTIMIZATION_LEVEL = "-Owholemodule";
				TARGETED_DEVICE_FAMILY = "1,2";
				VALIDATE_PRODUCT = YES;
			};
			name = Release;
		};
		D87490BA1F48F873007E659F /* Debug */ = {
			isa = XCBuildConfiguration;
			baseConfigurationReference = B13F3E92D9C94215BFCF730E /* Pods-pocky.debug.xcconfig */;
			buildSettings = {
				ASSETCATALOG_COMPILER_APPICON_NAME = AppIcon;
				DEVELOPMENT_TEAM = 3S86DJ63TR;
				INFOPLIST_FILE = pocky/Info.plist;
				LD_RUNPATH_SEARCH_PATHS = "$(inherited) @executable_path/Frameworks";
				PRODUCT_BUNDLE_IDENTIFIER = com.nathanchan.pocky;
				PRODUCT_NAME = "$(TARGET_NAME)";
				SWIFT_VERSION = 3.0;
			};
			name = Debug;
		};
		D87490BB1F48F873007E659F /* Release */ = {
			isa = XCBuildConfiguration;
			baseConfigurationReference = FFDF740AEA7A2EB0F34C00F7 /* Pods-pocky.release.xcconfig */;
			buildSettings = {
				ASSETCATALOG_COMPILER_APPICON_NAME = AppIcon;
				DEVELOPMENT_TEAM = 3S86DJ63TR;
				INFOPLIST_FILE = pocky/Info.plist;
				LD_RUNPATH_SEARCH_PATHS = "$(inherited) @executable_path/Frameworks";
				PRODUCT_BUNDLE_IDENTIFIER = com.nathanchan.pocky;
				PRODUCT_NAME = "$(TARGET_NAME)";
				SWIFT_VERSION = 3.0;
			};
			name = Release;
		};
		D87490BD1F48F873007E659F /* Debug */ = {
			isa = XCBuildConfiguration;
			baseConfigurationReference = 1E3702245DDD4E65F4F4C865 /* Pods-pockyTests.debug.xcconfig */;
			buildSettings = {
				ALWAYS_EMBED_SWIFT_STANDARD_LIBRARIES = YES;
				BUNDLE_LOADER = "$(TEST_HOST)";
				DEVELOPMENT_TEAM = 3S86DJ63TR;
				INFOPLIST_FILE = pockyTests/Info.plist;
				LD_RUNPATH_SEARCH_PATHS = "$(inherited) @executable_path/Frameworks @loader_path/Frameworks";
				PRODUCT_BUNDLE_IDENTIFIER = com.nathanchan.pockyTests;
				PRODUCT_NAME = "$(TARGET_NAME)";
				SWIFT_VERSION = 3.0;
				TEST_HOST = "$(BUILT_PRODUCTS_DIR)/pocky.app/pocky";
			};
			name = Debug;
		};
		D87490BE1F48F873007E659F /* Release */ = {
			isa = XCBuildConfiguration;
			baseConfigurationReference = 5B1E2541EC99AA3CD6967384 /* Pods-pockyTests.release.xcconfig */;
			buildSettings = {
				ALWAYS_EMBED_SWIFT_STANDARD_LIBRARIES = YES;
				BUNDLE_LOADER = "$(TEST_HOST)";
				DEVELOPMENT_TEAM = 3S86DJ63TR;
				INFOPLIST_FILE = pockyTests/Info.plist;
				LD_RUNPATH_SEARCH_PATHS = "$(inherited) @executable_path/Frameworks @loader_path/Frameworks";
				PRODUCT_BUNDLE_IDENTIFIER = com.nathanchan.pockyTests;
				PRODUCT_NAME = "$(TARGET_NAME)";
				SWIFT_VERSION = 3.0;
				TEST_HOST = "$(BUILT_PRODUCTS_DIR)/pocky.app/pocky";
			};
			name = Release;
		};
		D87490C01F48F873007E659F /* Debug */ = {
			isa = XCBuildConfiguration;
			baseConfigurationReference = 87FC45D659563FC67E13BE8C /* Pods-pockyUITests.debug.xcconfig */;
			buildSettings = {
				ALWAYS_EMBED_SWIFT_STANDARD_LIBRARIES = YES;
				DEVELOPMENT_TEAM = 3S86DJ63TR;
				INFOPLIST_FILE = pockyUITests/Info.plist;
				LD_RUNPATH_SEARCH_PATHS = "$(inherited) @executable_path/Frameworks @loader_path/Frameworks";
				PRODUCT_BUNDLE_IDENTIFIER = com.nathanchan.pockyUITests;
				PRODUCT_NAME = "$(TARGET_NAME)";
				SWIFT_VERSION = 3.0;
				TEST_TARGET_NAME = pocky;
			};
			name = Debug;
		};
		D87490C11F48F873007E659F /* Release */ = {
			isa = XCBuildConfiguration;
			baseConfigurationReference = 46EF7A8C348F5F97247CB827 /* Pods-pockyUITests.release.xcconfig */;
			buildSettings = {
				ALWAYS_EMBED_SWIFT_STANDARD_LIBRARIES = YES;
				DEVELOPMENT_TEAM = 3S86DJ63TR;
				INFOPLIST_FILE = pockyUITests/Info.plist;
				LD_RUNPATH_SEARCH_PATHS = "$(inherited) @executable_path/Frameworks @loader_path/Frameworks";
				PRODUCT_BUNDLE_IDENTIFIER = com.nathanchan.pockyUITests;
				PRODUCT_NAME = "$(TARGET_NAME)";
				SWIFT_VERSION = 3.0;
				TEST_TARGET_NAME = pocky;
			};
			name = Release;
		};
/* End XCBuildConfiguration section */

/* Begin XCConfigurationList section */
		D874908C1F48F873007E659F /* Build configuration list for PBXProject "pocky" */ = {
			isa = XCConfigurationList;
			buildConfigurations = (
				D87490B71F48F873007E659F /* Debug */,
				D87490B81F48F873007E659F /* Release */,
			);
			defaultConfigurationIsVisible = 0;
			defaultConfigurationName = Release;
		};
		D87490B91F48F873007E659F /* Build configuration list for PBXNativeTarget "pocky" */ = {
			isa = XCConfigurationList;
			buildConfigurations = (
				D87490BA1F48F873007E659F /* Debug */,
				D87490BB1F48F873007E659F /* Release */,
			);
			defaultConfigurationIsVisible = 0;
			defaultConfigurationName = Release;
		};
		D87490BC1F48F873007E659F /* Build configuration list for PBXNativeTarget "pockyTests" */ = {
			isa = XCConfigurationList;
			buildConfigurations = (
				D87490BD1F48F873007E659F /* Debug */,
				D87490BE1F48F873007E659F /* Release */,
			);
			defaultConfigurationIsVisible = 0;
			defaultConfigurationName = Release;
		};
		D87490BF1F48F873007E659F /* Build configuration list for PBXNativeTarget "pockyUITests" */ = {
			isa = XCConfigurationList;
			buildConfigurations = (
				D87490C01F48F873007E659F /* Debug */,
				D87490C11F48F873007E659F /* Release */,
			);
			defaultConfigurationIsVisible = 0;
			defaultConfigurationName = Release;
		};
/* End XCConfigurationList section */
	};
	rootObject = D87490891F48F873007E659F /* Project object */;
}
